
Microsoft Visual Studio Solution File, Format Version 12.00
# Visual Studio Version 17
VisualStudioVersion = 17.5.33502.453
MinimumVisualStudioVersion = 10.0.40219.1
Project("{9A19103F-16F7-4668-BE54-9A1E7A4F7556}") = "Shop_RazorPages", "Products-RazorPages\Shop_RazorPages.csproj", "{B2DBBCA6-3F3C-4A66-B402-77E257817C54}"
EndProject
Project("{9A19103F-16F7-4668-BE54-9A1E7A4F7556}") = "Shop_MVC", "Products_MVC\Shop_MVC.csproj", "{973903AA-59FB-4389-931D-A3457EF6425F}"
EndProject
Project("{9A19103F-16F7-4668-BE54-9A1E7A4F7556}") = "Shop_WebAPI_React", "Shop_WebAPI_React\Shop_WebAPI_React.csproj", "{D9DA4289-B6D9-4048-99E0-75073C7E33B4}"
EndProject
Project("{9A19103F-16F7-4668-BE54-9A1E7A4F7556}") = "Shop_Blazor_Server", "Shop_Blazor_Server\Shop_Blazor_Server.csproj", "{6445029B-3456-4FE0-AB31-035ADFC89F4F}"
EndProject
Global
	GlobalSection(SolutionConfigurationPlatforms) = preSolution
		Debug|Any CPU = Debug|Any CPU
		Release|Any CPU = Release|Any CPU
	EndGlobalSection
	GlobalSection(ProjectConfigurationPlatforms) = postSolution
		{B2DBBCA6-3F3C-4A66-B402-77E257817C54}.Debug|Any CPU.ActiveCfg = Debug|Any CPU
		{B2DBBCA6-3F3C-4A66-B402-77E257817C54}.Debug|Any CPU.Build.0 = Debug|Any CPU
		{B2DBBCA6-3F3C-4A66-B402-77E257817C54}.Release|Any CPU.ActiveCfg = Release|Any CPU
		{B2DBBCA6-3F3C-4A66-B402-77E257817C54}.Release|Any CPU.Build.0 = Release|Any CPU
		{973903AA-59FB-4389-931D-A3457EF6425F}.Debug|Any CPU.ActiveCfg = Debug|Any CPU
		{973903AA-59FB-4389-931D-A3457EF6425F}.Debug|Any CPU.Build.0 = Debug|Any CPU
		{973903AA-59FB-4389-931D-A3457EF6425F}.Release|Any CPU.ActiveCfg = Release|Any CPU
		{973903AA-59FB-4389-931D-A3457EF6425F}.Release|Any CPU.Build.0 = Release|Any CPU
		{D9DA4289-B6D9-4048-99E0-75073C7E33B4}.Debug|Any CPU.ActiveCfg = Debug|Any CPU
		{D9DA4289-B6D9-4048-99E0-75073C7E33B4}.Debug|Any CPU.Build.0 = Debug|Any CPU
		{D9DA4289-B6D9-4048-99E0-75073C7E33B4}.Release|Any CPU.ActiveCfg = Release|Any CPU
		{D9DA4289-B6D9-4048-99E0-75073C7E33B4}.Release|Any CPU.Build.0 = Release|Any CPU
		{6445029B-3456-4FE0-AB31-035ADFC89F4F}.Debug|Any CPU.ActiveCfg = Debug|Any CPU
		{6445029B-3456-4FE0-AB31-035ADFC89F4F}.Debug|Any CPU.Build.0 = Debug|Any CPU
		{6445029B-3456-4FE0-AB31-035ADFC89F4F}.Release|Any CPU.ActiveCfg = Release|Any CPU
		{6445029B-3456-4FE0-AB31-035ADFC89F4F}.Release|Any CPU.Build.0 = Release|Any CPU
	EndGlobalSection
	GlobalSection(SolutionProperties) = preSolution
		HideSolutionNode = FALSE
	EndGlobalSection
	GlobalSection(ExtensibilityGlobals) = postSolution
		SolutionGuid = {2555F177-9B43-419A-A021-BEA4DDEB68E6}
	EndGlobalSection
EndGlobal
