
Microsoft Visual Studio Solution File, Format Version 12.00
# Visual Studio Version 17
VisualStudioVersion = 17.5.33502.453
MinimumVisualStudioVersion = 10.0.40219.1
Project("{9A19103F-16F7-4668-BE54-9A1E7A4F7556}") = "ShopWebAPI", "ShopWebAPI\ShopWebAPI.csproj", "{02BF7B4C-259C-4BBF-9CD0-569FE261580C}"
EndProject
Project("{9A19103F-16F7-4668-BE54-9A1E7A4F7556}") = "ShopDAL", "ShopDAL\ShopDAL.csproj", "{472CC3F6-FACD-4387-BF80-4051F4FA2CD8}"
EndProject
Global
	GlobalSection(SolutionConfigurationPlatforms) = preSolution
		Debug|Any CPU = Debug|Any CPU
		Release|Any CPU = Release|Any CPU
	EndGlobalSection
	GlobalSection(ProjectConfigurationPlatforms) = postSolution
		{02BF7B4C-259C-4BBF-9CD0-569FE261580C}.Debug|Any CPU.ActiveCfg = Debug|Any CPU
		{02BF7B4C-259C-4BBF-9CD0-569FE261580C}.Debug|Any CPU.Build.0 = Debug|Any CPU
		{02BF7B4C-259C-4BBF-9CD0-569FE261580C}.Release|Any CPU.ActiveCfg = Release|Any CPU
		{02BF7B4C-259C-4BBF-9CD0-569FE261580C}.Release|Any CPU.Build.0 = Release|Any CPU
		{472CC3F6-FACD-4387-BF80-4051F4FA2CD8}.Debug|Any CPU.ActiveCfg = Debug|Any CPU
		{472CC3F6-FACD-4387-BF80-4051F4FA2CD8}.Debug|Any CPU.Build.0 = Debug|Any CPU
		{472CC3F6-FACD-4387-BF80-4051F4FA2CD8}.Release|Any CPU.ActiveCfg = Release|Any CPU
		{472CC3F6-FACD-4387-BF80-4051F4FA2CD8}.Release|Any CPU.Build.0 = Release|Any CPU
	EndGlobalSection
	GlobalSection(SolutionProperties) = preSolution
		HideSolutionNode = FALSE
	EndGlobalSection
	GlobalSection(ExtensibilityGlobals) = postSolution
		SolutionGuid = {F6F21D6D-B139-48A2-A0E4-C9F0F95E71F7}
	EndGlobalSection
EndGlobal
